// !$*UTF8*$!
{
	archiveVersion = 1;
	classes = {
	};
	objectVersion = 50;
	objects = {

/* Begin PBXBuildFile section */
		072814C2282004D2006D2824 /* QuizCell.swift in Sources */ = {isa = PBXBuildFile; fileRef = 072814C1282004D2006D2824 /* QuizCell.swift */; };
		072814E928201F95006D2824 /* GetQuizzesHome.swift in Sources */ = {isa = PBXBuildFile; fileRef = 072814E828201F95006D2824 /* GetQuizzesHome.swift */; };
		072814F22820207B006D2824 /* QuizHeadlineModel.swift in Sources */ = {isa = PBXBuildFile; fileRef = 072814F12820207B006D2824 /* QuizHeadlineModel.swift */; };
		072814FB282020E9006D2824 /* QuizHomeViewModel.swift in Sources */ = {isa = PBXBuildFile; fileRef = 072814FA282020E9006D2824 /* QuizHomeViewModel.swift */; };
		07281506282021B3006D2824 /* QuizzesNetworkMock.swift in Sources */ = {isa = PBXBuildFile; fileRef = 07281505282021B3006D2824 /* QuizzesNetworkMock.swift */; };
		0728150D282029B2006D2824 /* Links.swift in Sources */ = {isa = PBXBuildFile; fileRef = 0728150C282029B2006D2824 /* Links.swift */; };
		0728151628202A9A006D2824 /* QuizNetworkError.swift in Sources */ = {isa = PBXBuildFile; fileRef = 0728151528202A9A006D2824 /* QuizNetworkError.swift */; };
		0728151C28202BFA006D2824 /* Callbacks.swift in Sources */ = {isa = PBXBuildFile; fileRef = 0728151B28202BFA006D2824 /* Callbacks.swift */; };
		0728152428202E2C006D2824 /* QuizzesNetwork.swift in Sources */ = {isa = PBXBuildFile; fileRef = 0728152328202E2C006D2824 /* QuizzesNetwork.swift */; };
		0728152A28203012006D2824 /* Bindable.swift in Sources */ = {isa = PBXBuildFile; fileRef = 0728152928203012006D2824 /* Bindable.swift */; };
		0756734928209A9800A076FB /* PostQuestions.swift in Sources */ = {isa = PBXBuildFile; fileRef = 0756734828209A9800A076FB /* PostQuestions.swift */; };
		0756734E28209B3900A076FB /* QuestionModel.swift in Sources */ = {isa = PBXBuildFile; fileRef = 0756734D28209B3900A076FB /* QuestionModel.swift */; };
		0756735428209BB700A076FB /* QuestionsViewModel.swift in Sources */ = {isa = PBXBuildFile; fileRef = 0756735328209BB700A076FB /* QuestionsViewModel.swift */; };
		0756735D28209F6400A076FB /* ViewCode.swift in Sources */ = {isa = PBXBuildFile; fileRef = 0756735C28209F6400A076FB /* ViewCode.swift */; };
		078008712829F59B007201B5 /* Service.swift in Sources */ = {isa = PBXBuildFile; fileRef = 078008702829F59B007201B5 /* Service.swift */; };
		0796210D28215DD300E551B2 /* QuestionItemCell.swift in Sources */ = {isa = PBXBuildFile; fileRef = 0796210C28215DD300E551B2 /* QuestionItemCell.swift */; };
		07C19F8E281C359700258FF0 /* AppDelegate.swift in Sources */ = {isa = PBXBuildFile; fileRef = 07C19F8D281C359700258FF0 /* AppDelegate.swift */; };
		07C19F90281C359700258FF0 /* SceneDelegate.swift in Sources */ = {isa = PBXBuildFile; fileRef = 07C19F8F281C359700258FF0 /* SceneDelegate.swift */; };
		07C19F92281C359700258FF0 /* QuizHomeViewController.swift in Sources */ = {isa = PBXBuildFile; fileRef = 07C19F91281C359700258FF0 /* QuizHomeViewController.swift */; };
		07C19F9A281C359B00258FF0 /* LaunchScreen.storyboard in Resources */ = {isa = PBXBuildFile; fileRef = 07C19F98281C359B00258FF0 /* LaunchScreen.storyboard */; };
		07C19FA5281C359B00258FF0 /* QuizzesTests.swift in Sources */ = {isa = PBXBuildFile; fileRef = 07C19FA4281C359B00258FF0 /* QuizzesTests.swift */; };
		07C19FB0281C359B00258FF0 /* QuizzesUITests.swift in Sources */ = {isa = PBXBuildFile; fileRef = 07C19FAF281C359B00258FF0 /* QuizzesUITests.swift */; };
		07C19FD8281C36D300258FF0 /* QuizHomeCoordinator.swift in Sources */ = {isa = PBXBuildFile; fileRef = 07C19FD7281C36D300258FF0 /* QuizHomeCoordinator.swift */; };
		07C19FDF281C376400258FF0 /* Coordinator.swift in Sources */ = {isa = PBXBuildFile; fileRef = 07C19FDE281C376400258FF0 /* Coordinator.swift */; };
		07C19FE7281C37DD00258FF0 /* AppCoordinator.swift in Sources */ = {isa = PBXBuildFile; fileRef = 07C19FE6281C37DD00258FF0 /* AppCoordinator.swift */; };
		07C19FED281C396E00258FF0 /* TabBarPage.swift in Sources */ = {isa = PBXBuildFile; fileRef = 07C19FEC281C396E00258FF0 /* TabBarPage.swift */; };
		07C19FF2281C39D300258FF0 /* TabBarCoordinator.swift in Sources */ = {isa = PBXBuildFile; fileRef = 07C19FF1281C39D300258FF0 /* TabBarCoordinator.swift */; };
		07C1A008281C4C7900258FF0 /* AboutViewController.swift in Sources */ = {isa = PBXBuildFile; fileRef = 07C1A007281C4C7900258FF0 /* AboutViewController.swift */; };
		07C1A016281C4F8F00258FF0 /* QuestionsViewController.swift in Sources */ = {isa = PBXBuildFile; fileRef = 07C1A015281C4F8F00258FF0 /* QuestionsViewController.swift */; };
		07C1A01B281C6C1C00258FF0 /* QuestionsCoordinator.swift in Sources */ = {isa = PBXBuildFile; fileRef = 07C1A01A281C6C1C00258FF0 /* QuestionsCoordinator.swift */; };
		07C1A020281C747500258FF0 /* PageControlViewController.swift in Sources */ = {isa = PBXBuildFile; fileRef = 07C1A01F281C747500258FF0 /* PageControlViewController.swift */; };
		07C1A028281C85F200258FF0 /* SuccessViewController.swift in Sources */ = {isa = PBXBuildFile; fileRef = 07C1A027281C85F200258FF0 /* SuccessViewController.swift */; };
		07C1A02D281C861A00258FF0 /* SuccessCoordinator.swift in Sources */ = {isa = PBXBuildFile; fileRef = 07C1A02C281C861A00258FF0 /* SuccessCoordinator.swift */; };
		07C1A035281C97E100258FF0 /* Assets.xcassets in Resources */ = {isa = PBXBuildFile; fileRef = 07C1A034281C97E100258FF0 /* Assets.xcassets */; };
		07FC22832821F5D20033C688 /* PostSuccess.swift in Sources */ = {isa = PBXBuildFile; fileRef = 07FC22822821F5D20033C688 /* PostSuccess.swift */; };
		07FC228C2821F6B80033C688 /* QuestionResultViewModel.swift in Sources */ = {isa = PBXBuildFile; fileRef = 07FC228B2821F6B80033C688 /* QuestionResultViewModel.swift */; };
		07FC229A2821F8EF0033C688 /* UIImage.swift in Sources */ = {isa = PBXBuildFile; fileRef = 07FC22992821F8EF0033C688 /* UIImage.swift */; };
		07FC229F2821F9B50033C688 /* String.swift in Sources */ = {isa = PBXBuildFile; fileRef = 07FC229E2821F9B50033C688 /* String.swift */; };
		07FC22A92821FC020033C688 /* QuestionResult.swift in Sources */ = {isa = PBXBuildFile; fileRef = 07FC22942821F75C0033C688 /* QuestionResult.swift */; };
		07FC22BD2822025F0033C688 /* UIImageView.swift in Sources */ = {isa = PBXBuildFile; fileRef = 07FC22BC2822025F0033C688 /* UIImageView.swift */; };
		07FC22C2282212780033C688 /* UIColor.swift in Sources */ = {isa = PBXBuildFile; fileRef = 07FC22C1282212780033C688 /* UIColor.swift */; };
		07FC22C72822152D0033C688 /* UIFont.swift in Sources */ = {isa = PBXBuildFile; fileRef = 07FC22C62822152D0033C688 /* UIFont.swift */; };
		EB0CB5242824B8BD009099F0 /* UIBanner.swift in Sources */ = {isa = PBXBuildFile; fileRef = EB0CB5232824B8BD009099F0 /* UIBanner.swift */; };
/* End PBXBuildFile section */

/* Begin PBXContainerItemProxy section */
		07C19FA1281C359B00258FF0 /* PBXContainerItemProxy */ = {
			isa = PBXContainerItemProxy;
			containerPortal = 07C19F82281C359700258FF0 /* Project object */;
			proxyType = 1;
			remoteGlobalIDString = 07C19F89281C359700258FF0;
			remoteInfo = Quizzes;
		};
		07C19FAC281C359B00258FF0 /* PBXContainerItemProxy */ = {
			isa = PBXContainerItemProxy;
			containerPortal = 07C19F82281C359700258FF0 /* Project object */;
			proxyType = 1;
			remoteGlobalIDString = 07C19F89281C359700258FF0;
			remoteInfo = Quizzes;
		};
/* End PBXContainerItemProxy section */

/* Begin PBXFileReference section */
		072814C1282004D2006D2824 /* QuizCell.swift */ = {isa = PBXFileReference; lastKnownFileType = sourcecode.swift; path = QuizCell.swift; sourceTree = "<group>"; };
		072814E828201F95006D2824 /* GetQuizzesHome.swift */ = {isa = PBXFileReference; lastKnownFileType = sourcecode.swift; path = GetQuizzesHome.swift; sourceTree = "<group>"; };
		072814F12820207B006D2824 /* QuizHeadlineModel.swift */ = {isa = PBXFileReference; lastKnownFileType = sourcecode.swift; path = QuizHeadlineModel.swift; sourceTree = "<group>"; };
		072814FA282020E9006D2824 /* QuizHomeViewModel.swift */ = {isa = PBXFileReference; lastKnownFileType = sourcecode.swift; path = QuizHomeViewModel.swift; sourceTree = "<group>"; };
		07281505282021B3006D2824 /* QuizzesNetworkMock.swift */ = {isa = PBXFileReference; lastKnownFileType = sourcecode.swift; path = QuizzesNetworkMock.swift; sourceTree = "<group>"; };
		0728150C282029B2006D2824 /* Links.swift */ = {isa = PBXFileReference; lastKnownFileType = sourcecode.swift; path = Links.swift; sourceTree = "<group>"; };
		0728151528202A9A006D2824 /* QuizNetworkError.swift */ = {isa = PBXFileReference; lastKnownFileType = sourcecode.swift; path = QuizNetworkError.swift; sourceTree = "<group>"; };
		0728151B28202BFA006D2824 /* Callbacks.swift */ = {isa = PBXFileReference; lastKnownFileType = sourcecode.swift; path = Callbacks.swift; sourceTree = "<group>"; };
		0728152328202E2C006D2824 /* QuizzesNetwork.swift */ = {isa = PBXFileReference; lastKnownFileType = sourcecode.swift; path = QuizzesNetwork.swift; sourceTree = "<group>"; };
		0728152928203012006D2824 /* Bindable.swift */ = {isa = PBXFileReference; lastKnownFileType = sourcecode.swift; path = Bindable.swift; sourceTree = "<group>"; };
		0756734828209A9800A076FB /* PostQuestions.swift */ = {isa = PBXFileReference; lastKnownFileType = sourcecode.swift; path = PostQuestions.swift; sourceTree = "<group>"; };
		0756734D28209B3900A076FB /* QuestionModel.swift */ = {isa = PBXFileReference; lastKnownFileType = sourcecode.swift; path = QuestionModel.swift; sourceTree = "<group>"; };
		0756735328209BB700A076FB /* QuestionsViewModel.swift */ = {isa = PBXFileReference; lastKnownFileType = sourcecode.swift; path = QuestionsViewModel.swift; sourceTree = "<group>"; };
		0756735C28209F6400A076FB /* ViewCode.swift */ = {isa = PBXFileReference; lastKnownFileType = sourcecode.swift; path = ViewCode.swift; sourceTree = "<group>"; };
		078008702829F59B007201B5 /* Service.swift */ = {isa = PBXFileReference; lastKnownFileType = sourcecode.swift; path = Service.swift; sourceTree = "<group>"; };
		0796210C28215DD300E551B2 /* QuestionItemCell.swift */ = {isa = PBXFileReference; lastKnownFileType = sourcecode.swift; path = QuestionItemCell.swift; sourceTree = "<group>"; };
		07C19F8A281C359700258FF0 /* Quizzes.app */ = {isa = PBXFileReference; explicitFileType = wrapper.application; includeInIndex = 0; path = Quizzes.app; sourceTree = BUILT_PRODUCTS_DIR; };
		07C19F8D281C359700258FF0 /* AppDelegate.swift */ = {isa = PBXFileReference; lastKnownFileType = sourcecode.swift; path = AppDelegate.swift; sourceTree = "<group>"; };
		07C19F8F281C359700258FF0 /* SceneDelegate.swift */ = {isa = PBXFileReference; lastKnownFileType = sourcecode.swift; path = SceneDelegate.swift; sourceTree = "<group>"; };
		07C19F91281C359700258FF0 /* QuizHomeViewController.swift */ = {isa = PBXFileReference; lastKnownFileType = sourcecode.swift; path = QuizHomeViewController.swift; sourceTree = "<group>"; };
		07C19F99281C359B00258FF0 /* Base */ = {isa = PBXFileReference; lastKnownFileType = file.storyboard; name = Base; path = Base.lproj/LaunchScreen.storyboard; sourceTree = "<group>"; };
		07C19F9B281C359B00258FF0 /* Info.plist */ = {isa = PBXFileReference; lastKnownFileType = text.plist.xml; path = Info.plist; sourceTree = "<group>"; };
		07C19FA0281C359B00258FF0 /* QuizzesTests.xctest */ = {isa = PBXFileReference; explicitFileType = wrapper.cfbundle; includeInIndex = 0; path = QuizzesTests.xctest; sourceTree = BUILT_PRODUCTS_DIR; };
		07C19FA4281C359B00258FF0 /* QuizzesTests.swift */ = {isa = PBXFileReference; lastKnownFileType = sourcecode.swift; path = QuizzesTests.swift; sourceTree = "<group>"; };
		07C19FA6281C359B00258FF0 /* Info.plist */ = {isa = PBXFileReference; lastKnownFileType = text.plist.xml; path = Info.plist; sourceTree = "<group>"; };
		07C19FAB281C359B00258FF0 /* QuizzesUITests.xctest */ = {isa = PBXFileReference; explicitFileType = wrapper.cfbundle; includeInIndex = 0; path = QuizzesUITests.xctest; sourceTree = BUILT_PRODUCTS_DIR; };
		07C19FAF281C359B00258FF0 /* QuizzesUITests.swift */ = {isa = PBXFileReference; lastKnownFileType = sourcecode.swift; path = QuizzesUITests.swift; sourceTree = "<group>"; };
		07C19FB1281C359B00258FF0 /* Info.plist */ = {isa = PBXFileReference; lastKnownFileType = text.plist.xml; path = Info.plist; sourceTree = "<group>"; };
		07C19FD7281C36D300258FF0 /* QuizHomeCoordinator.swift */ = {isa = PBXFileReference; lastKnownFileType = sourcecode.swift; path = QuizHomeCoordinator.swift; sourceTree = "<group>"; };
		07C19FDE281C376400258FF0 /* Coordinator.swift */ = {isa = PBXFileReference; lastKnownFileType = sourcecode.swift; path = Coordinator.swift; sourceTree = "<group>"; };
		07C19FE6281C37DD00258FF0 /* AppCoordinator.swift */ = {isa = PBXFileReference; lastKnownFileType = sourcecode.swift; path = AppCoordinator.swift; sourceTree = "<group>"; };
		07C19FEC281C396E00258FF0 /* TabBarPage.swift */ = {isa = PBXFileReference; lastKnownFileType = sourcecode.swift; path = TabBarPage.swift; sourceTree = "<group>"; };
		07C19FF1281C39D300258FF0 /* TabBarCoordinator.swift */ = {isa = PBXFileReference; lastKnownFileType = sourcecode.swift; path = TabBarCoordinator.swift; sourceTree = "<group>"; };
		07C1A007281C4C7900258FF0 /* AboutViewController.swift */ = {isa = PBXFileReference; lastKnownFileType = sourcecode.swift; path = AboutViewController.swift; sourceTree = "<group>"; };
		07C1A015281C4F8F00258FF0 /* QuestionsViewController.swift */ = {isa = PBXFileReference; lastKnownFileType = sourcecode.swift; path = QuestionsViewController.swift; sourceTree = "<group>"; };
		07C1A01A281C6C1C00258FF0 /* QuestionsCoordinator.swift */ = {isa = PBXFileReference; lastKnownFileType = sourcecode.swift; path = QuestionsCoordinator.swift; sourceTree = "<group>"; };
		07C1A01F281C747500258FF0 /* PageControlViewController.swift */ = {isa = PBXFileReference; lastKnownFileType = sourcecode.swift; path = PageControlViewController.swift; sourceTree = "<group>"; };
		07C1A027281C85F200258FF0 /* SuccessViewController.swift */ = {isa = PBXFileReference; lastKnownFileType = sourcecode.swift; path = SuccessViewController.swift; sourceTree = "<group>"; };
		07C1A02C281C861A00258FF0 /* SuccessCoordinator.swift */ = {isa = PBXFileReference; lastKnownFileType = sourcecode.swift; path = SuccessCoordinator.swift; sourceTree = "<group>"; };
		07C1A034281C97E100258FF0 /* Assets.xcassets */ = {isa = PBXFileReference; lastKnownFileType = folder.assetcatalog; path = Assets.xcassets; sourceTree = "<group>"; };
		07FC22822821F5D20033C688 /* PostSuccess.swift */ = {isa = PBXFileReference; lastKnownFileType = sourcecode.swift; path = PostSuccess.swift; sourceTree = "<group>"; };
		07FC228B2821F6B80033C688 /* QuestionResultViewModel.swift */ = {isa = PBXFileReference; lastKnownFileType = sourcecode.swift; path = QuestionResultViewModel.swift; sourceTree = "<group>"; };
		07FC22942821F75C0033C688 /* QuestionResult.swift */ = {isa = PBXFileReference; lastKnownFileType = sourcecode.swift; path = QuestionResult.swift; sourceTree = "<group>"; };
		07FC22992821F8EF0033C688 /* UIImage.swift */ = {isa = PBXFileReference; lastKnownFileType = sourcecode.swift; path = UIImage.swift; sourceTree = "<group>"; };
		07FC229E2821F9B50033C688 /* String.swift */ = {isa = PBXFileReference; lastKnownFileType = sourcecode.swift; path = String.swift; sourceTree = "<group>"; };
		07FC22BC2822025F0033C688 /* UIImageView.swift */ = {isa = PBXFileReference; lastKnownFileType = sourcecode.swift; path = UIImageView.swift; sourceTree = "<group>"; };
		07FC22C1282212780033C688 /* UIColor.swift */ = {isa = PBXFileReference; lastKnownFileType = sourcecode.swift; path = UIColor.swift; sourceTree = "<group>"; };
		07FC22C62822152D0033C688 /* UIFont.swift */ = {isa = PBXFileReference; lastKnownFileType = sourcecode.swift; path = UIFont.swift; sourceTree = "<group>"; };
		EB0CB5232824B8BD009099F0 /* UIBanner.swift */ = {isa = PBXFileReference; lastKnownFileType = sourcecode.swift; path = UIBanner.swift; sourceTree = "<group>"; };
/* End PBXFileReference section */

/* Begin PBXFrameworksBuildPhase section */
		07C19F87281C359700258FF0 /* Frameworks */ = {
			isa = PBXFrameworksBuildPhase;
			buildActionMask = 2147483647;
			files = (
			);
			runOnlyForDeploymentPostprocessing = 0;
		};
		07C19F9D281C359B00258FF0 /* Frameworks */ = {
			isa = PBXFrameworksBuildPhase;
			buildActionMask = 2147483647;
			files = (
			);
			runOnlyForDeploymentPostprocessing = 0;
		};
		07C19FA8281C359B00258FF0 /* Frameworks */ = {
			isa = PBXFrameworksBuildPhase;
			buildActionMask = 2147483647;
			files = (
			);
			runOnlyForDeploymentPostprocessing = 0;
		};
/* End PBXFrameworksBuildPhase section */

/* Begin PBXGroup section */
		072814C0282003BE006D2824 /* QuizCell */ = {
			isa = PBXGroup;
			children = (
				072814C1282004D2006D2824 /* QuizCell.swift */,
			);
			path = QuizCell;
			sourceTree = "<group>";
		};
		072814E628201F6E006D2824 /* Mock */ = {
			isa = PBXGroup;
			children = (
				07FC22812821F5B50033C688 /* Success */,
				0756734728209A7D00A076FB /* Questions */,
				072814E728201F74006D2824 /* Quizzes */,
				07281505282021B3006D2824 /* QuizzesNetworkMock.swift */,
			);
			path = Mock;
			sourceTree = "<group>";
		};
		072814E728201F74006D2824 /* Quizzes */ = {
			isa = PBXGroup;
			children = (
				072814E828201F95006D2824 /* GetQuizzesHome.swift */,
			);
			path = Quizzes;
			sourceTree = "<group>";
		};
		072814F02820205C006D2824 /* Model */ = {
			isa = PBXGroup;
			children = (
				072814F12820207B006D2824 /* QuizHeadlineModel.swift */,
			);
			path = Model;
			sourceTree = "<group>";
		};
		072814F9282020CB006D2824 /* ViewModel */ = {
			isa = PBXGroup;
			children = (
				072814FA282020E9006D2824 /* QuizHomeViewModel.swift */,
			);
			path = ViewModel;
			sourceTree = "<group>";
		};
		0728150A2820299E006D2824 /* Network */ = {
			isa = PBXGroup;
			children = (
				0728151A28202BE4006D2824 /* Callbacks */,
				0728151428202A5A006D2824 /* Error */,
				0728150B282029A6006D2824 /* Links */,
				0728152328202E2C006D2824 /* QuizzesNetwork.swift */,
				078008702829F59B007201B5 /* Service.swift */,
			);
			path = Network;
			sourceTree = "<group>";
		};
		0728150B282029A6006D2824 /* Links */ = {
			isa = PBXGroup;
			children = (
				0728150C282029B2006D2824 /* Links.swift */,
			);
			path = Links;
			sourceTree = "<group>";
		};
		0728151428202A5A006D2824 /* Error */ = {
			isa = PBXGroup;
			children = (
				0728151528202A9A006D2824 /* QuizNetworkError.swift */,
			);
			path = Error;
			sourceTree = "<group>";
		};
		0728151A28202BE4006D2824 /* Callbacks */ = {
			isa = PBXGroup;
			children = (
				0728151B28202BFA006D2824 /* Callbacks.swift */,
			);
			path = Callbacks;
			sourceTree = "<group>";
		};
		0728152828202FD0006D2824 /* Bindable */ = {
			isa = PBXGroup;
			children = (
				0728152928203012006D2824 /* Bindable.swift */,
			);
			path = Bindable;
			sourceTree = "<group>";
		};
		0756734628209A6200A076FB /* Model */ = {
			isa = PBXGroup;
			children = (
				0756734D28209B3900A076FB /* QuestionModel.swift */,
			);
			path = Model;
			sourceTree = "<group>";
		};
		0756734728209A7D00A076FB /* Questions */ = {
			isa = PBXGroup;
			children = (
				0756734828209A9800A076FB /* PostQuestions.swift */,
			);
			path = Questions;
			sourceTree = "<group>";
		};
		0756735228209BA300A076FB /* ViewModel */ = {
			isa = PBXGroup;
			children = (
				0756735328209BB700A076FB /* QuestionsViewModel.swift */,
			);
			path = ViewModel;
			sourceTree = "<group>";
		};
		0756735B28209F5400A076FB /* Extension */ = {
			isa = PBXGroup;
			children = (
				0756735C28209F6400A076FB /* ViewCode.swift */,
				07FC22992821F8EF0033C688 /* UIImage.swift */,
				07FC229E2821F9B50033C688 /* String.swift */,
				07FC22BC2822025F0033C688 /* UIImageView.swift */,
				07FC22C1282212780033C688 /* UIColor.swift */,
				07FC22C62822152D0033C688 /* UIFont.swift */,
			);
			path = Extension;
			sourceTree = "<group>";
		};
		0796210B282157DD00E551B2 /* QuestionItemCell */ = {
			isa = PBXGroup;
			children = (
				0796210C28215DD300E551B2 /* QuestionItemCell.swift */,
			);
			path = QuestionItemCell;
			sourceTree = "<group>";
		};
		0796211128215FEC00E551B2 /* View */ = {
			isa = PBXGroup;
			children = (
				072814C0282003BE006D2824 /* QuizCell */,
			);
			path = View;
			sourceTree = "<group>";
		};
		07C19F81281C359700258FF0 = {
			isa = PBXGroup;
			children = (
				07C19F8C281C359700258FF0 /* Quizzes */,
				07C19FA3281C359B00258FF0 /* QuizzesTests */,
				07C19FAE281C359B00258FF0 /* QuizzesUITests */,
				07C19F8B281C359700258FF0 /* Products */,
			);
			sourceTree = "<group>";
		};
		07C19F8B281C359700258FF0 /* Products */ = {
			isa = PBXGroup;
			children = (
				07C19F8A281C359700258FF0 /* Quizzes.app */,
				07C19FA0281C359B00258FF0 /* QuizzesTests.xctest */,
				07C19FAB281C359B00258FF0 /* QuizzesUITests.xctest */,
			);
			name = Products;
			sourceTree = "<group>";
		};
		07C19F8C281C359700258FF0 /* Quizzes */ = {
			isa = PBXGroup;
			children = (
				07C19FC0281C35D900258FF0 /* Resources */,
				07C19FC1281C35DF00258FF0 /* Sources */,
			);
			path = Quizzes;
			sourceTree = "<group>";
		};
		07C19FA3281C359B00258FF0 /* QuizzesTests */ = {
			isa = PBXGroup;
			children = (
				07C19FA4281C359B00258FF0 /* QuizzesTests.swift */,
				07C19FA6281C359B00258FF0 /* Info.plist */,
			);
			path = QuizzesTests;
			sourceTree = "<group>";
		};
		07C19FAE281C359B00258FF0 /* QuizzesUITests */ = {
			isa = PBXGroup;
			children = (
				07C19FAF281C359B00258FF0 /* QuizzesUITests.swift */,
				07C19FB1281C359B00258FF0 /* Info.plist */,
			);
			path = QuizzesUITests;
			sourceTree = "<group>";
		};
		07C19FC0281C35D900258FF0 /* Resources */ = {
			isa = PBXGroup;
			children = (
				072814E628201F6E006D2824 /* Mock */,
				07C19FCE281C363D00258FF0 /* Assets */,
			);
			path = Resources;
			sourceTree = "<group>";
		};
		07C19FC1281C35DF00258FF0 /* Sources */ = {
			isa = PBXGroup;
			children = (
				07C19FC4281C360300258FF0 /* Commons */,
				07C19FFD281C489E00258FF0 /* SupportingFiles */,
				07C19FCA281C363100258FF0 /* Infrastructure */,
				07C19FC2281C35E700258FF0 /* Screens */,
			);
			path = Sources;
			sourceTree = "<group>";
		};
		07C19FC2281C35E700258FF0 /* Screens */ = {
			isa = PBXGroup;
			children = (
				07C19FC5281C360A00258FF0 /* Tabbar */,
				07C19FDD281C36E000258FF0 /* AppCoordinator */,
				07C1A024281C85D100258FF0 /* Success */,
				07C1A012281C4F6600258FF0 /* Questions */,
				07C1A004281C4C5900258FF0 /* About */,
				07C19FC3281C35F000258FF0 /* QuizHome */,
			);
			path = Screens;
			sourceTree = "<group>";
		};
		07C19FC3281C35F000258FF0 /* QuizHome */ = {
			isa = PBXGroup;
			children = (
				0796211128215FEC00E551B2 /* View */,
				072814F9282020CB006D2824 /* ViewModel */,
				072814F02820205C006D2824 /* Model */,
				07C19FC9281C362600258FF0 /* Coordinator */,
				07C19FC8281C362100258FF0 /* ViewController */,
			);
			path = QuizHome;
			sourceTree = "<group>";
		};
		07C19FC4281C360300258FF0 /* Commons */ = {
			isa = PBXGroup;
			children = (
				EB0CB5222824B8AF009099F0 /* Banner */,
				07C19FDC281C36DA00258FF0 /* Coordinator */,
			);
			path = Commons;
			sourceTree = "<group>";
		};
		07C19FC5281C360A00258FF0 /* Tabbar */ = {
			isa = PBXGroup;
			children = (
				07C19FEB281C394C00258FF0 /* Enum */,
				07C19FC7281C361800258FF0 /* Coordinator */,
			);
			path = Tabbar;
			sourceTree = "<group>";
		};
		07C19FC7281C361800258FF0 /* Coordinator */ = {
			isa = PBXGroup;
			children = (
				07C19FF1281C39D300258FF0 /* TabBarCoordinator.swift */,
			);
			path = Coordinator;
			sourceTree = "<group>";
		};
		07C19FC8281C362100258FF0 /* ViewController */ = {
			isa = PBXGroup;
			children = (
				07C19F91281C359700258FF0 /* QuizHomeViewController.swift */,
			);
			path = ViewController;
			sourceTree = "<group>";
		};
		07C19FC9281C362600258FF0 /* Coordinator */ = {
			isa = PBXGroup;
			children = (
				07C19FD7281C36D300258FF0 /* QuizHomeCoordinator.swift */,
			);
			path = Coordinator;
			sourceTree = "<group>";
		};
		07C19FCA281C363100258FF0 /* Infrastructure */ = {
			isa = PBXGroup;
			children = (
				0756735B28209F5400A076FB /* Extension */,
				0728152828202FD0006D2824 /* Bindable */,
				0728150A2820299E006D2824 /* Network */,
				07C19F8D281C359700258FF0 /* AppDelegate.swift */,
				07C19F8F281C359700258FF0 /* SceneDelegate.swift */,
			);
			path = Infrastructure;
			sourceTree = "<group>";
		};
		07C19FCE281C363D00258FF0 /* Assets */ = {
			isa = PBXGroup;
			children = (
				07C1A034281C97E100258FF0 /* Assets.xcassets */,
			);
			path = Assets;
			sourceTree = "<group>";
		};
		07C19FDC281C36DA00258FF0 /* Coordinator */ = {
			isa = PBXGroup;
			children = (
				07C19FDE281C376400258FF0 /* Coordinator.swift */,
			);
			path = Coordinator;
			sourceTree = "<group>";
		};
		07C19FDD281C36E000258FF0 /* AppCoordinator */ = {
			isa = PBXGroup;
			children = (
				07C19FE6281C37DD00258FF0 /* AppCoordinator.swift */,
			);
			path = AppCoordinator;
			sourceTree = "<group>";
		};
		07C19FEB281C394C00258FF0 /* Enum */ = {
			isa = PBXGroup;
			children = (
				07C19FEC281C396E00258FF0 /* TabBarPage.swift */,
			);
			path = Enum;
			sourceTree = "<group>";
		};
		07C19FFD281C489E00258FF0 /* SupportingFiles */ = {
			isa = PBXGroup;
			children = (
				07C19F98281C359B00258FF0 /* LaunchScreen.storyboard */,
				07C19F9B281C359B00258FF0 /* Info.plist */,
			);
			path = SupportingFiles;
			sourceTree = "<group>";
		};
		07C1A004281C4C5900258FF0 /* About */ = {
			isa = PBXGroup;
			children = (
				07C1A006281C4C6500258FF0 /* ViewController */,
				07C1A005281C4C5F00258FF0 /* Coordinator */,
			);
			path = About;
			sourceTree = "<group>";
		};
		07C1A005281C4C5F00258FF0 /* Coordinator */ = {
			isa = PBXGroup;
			children = (
			);
			path = Coordinator;
			sourceTree = "<group>";
		};
		07C1A006281C4C6500258FF0 /* ViewController */ = {
			isa = PBXGroup;
			children = (
				07C1A007281C4C7900258FF0 /* AboutViewController.swift */,
			);
			path = ViewController;
			sourceTree = "<group>";
		};
		07C1A012281C4F6600258FF0 /* Questions */ = {
			isa = PBXGroup;
			children = (
				0756735228209BA300A076FB /* ViewModel */,
				0756734628209A6200A076FB /* Model */,
				07C1A014281C4F7800258FF0 /* Coordinator */,
				07C1A013281C4F7100258FF0 /* ViewController */,
			);
			path = Questions;
			sourceTree = "<group>";
		};
		07C1A013281C4F7100258FF0 /* ViewController */ = {
			isa = PBXGroup;
			children = (
				0796210B282157DD00E551B2 /* QuestionItemCell */,
				07C1A015281C4F8F00258FF0 /* QuestionsViewController.swift */,
				07C1A01F281C747500258FF0 /* PageControlViewController.swift */,
			);
			path = ViewController;
			sourceTree = "<group>";
		};
		07C1A014281C4F7800258FF0 /* Coordinator */ = {
			isa = PBXGroup;
			children = (
				07C1A01A281C6C1C00258FF0 /* QuestionsCoordinator.swift */,
			);
			path = Coordinator;
			sourceTree = "<group>";
		};
		07C1A024281C85D100258FF0 /* Success */ = {
			isa = PBXGroup;
			children = (
				07FC22932821F7480033C688 /* Model */,
				07FC228A2821F6A80033C688 /* ViewModel */,
				07C1A026281C85DE00258FF0 /* ViewController */,
				07C1A025281C85D800258FF0 /* Coordinator */,
			);
			path = Success;
			sourceTree = "<group>";
		};
		07C1A025281C85D800258FF0 /* Coordinator */ = {
			isa = PBXGroup;
			children = (
				07C1A02C281C861A00258FF0 /* SuccessCoordinator.swift */,
			);
			path = Coordinator;
			sourceTree = "<group>";
		};
		07C1A026281C85DE00258FF0 /* ViewController */ = {
			isa = PBXGroup;
			children = (
				07C1A027281C85F200258FF0 /* SuccessViewController.swift */,
			);
			path = ViewController;
			sourceTree = "<group>";
		};
		07FC22812821F5B50033C688 /* Success */ = {
			isa = PBXGroup;
			children = (
				07FC22822821F5D20033C688 /* PostSuccess.swift */,
			);
			path = Success;
			sourceTree = "<group>";
		};
		07FC228A2821F6A80033C688 /* ViewModel */ = {
			isa = PBXGroup;
			children = (
				07FC228B2821F6B80033C688 /* QuestionResultViewModel.swift */,
			);
			path = ViewModel;
			sourceTree = "<group>";
		};
		07FC22932821F7480033C688 /* Model */ = {
			isa = PBXGroup;
			children = (
				07FC22942821F75C0033C688 /* QuestionResult.swift */,
			);
			path = Model;
			sourceTree = "<group>";
		};
		EB0CB5222824B8AF009099F0 /* Banner */ = {
			isa = PBXGroup;
			children = (
				EB0CB5232824B8BD009099F0 /* UIBanner.swift */,
			);
			path = Banner;
			sourceTree = "<group>";
		};
/* End PBXGroup section */

/* Begin PBXNativeTarget section */
		07C19F89281C359700258FF0 /* Quizzes */ = {
			isa = PBXNativeTarget;
			buildConfigurationList = 07C19FB4281C359B00258FF0 /* Build configuration list for PBXNativeTarget "Quizzes" */;
			buildPhases = (
				07C19F86281C359700258FF0 /* Sources */,
				07C19F87281C359700258FF0 /* Frameworks */,
				07C19F88281C359700258FF0 /* Resources */,
			);
			buildRules = (
			);
			dependencies = (
			);
			name = Quizzes;
			productName = Quizzes;
			productReference = 07C19F8A281C359700258FF0 /* Quizzes.app */;
			productType = "com.apple.product-type.application";
		};
		07C19F9F281C359B00258FF0 /* QuizzesTests */ = {
			isa = PBXNativeTarget;
			buildConfigurationList = 07C19FB7281C359B00258FF0 /* Build configuration list for PBXNativeTarget "QuizzesTests" */;
			buildPhases = (
				07C19F9C281C359B00258FF0 /* Sources */,
				07C19F9D281C359B00258FF0 /* Frameworks */,
				07C19F9E281C359B00258FF0 /* Resources */,
			);
			buildRules = (
			);
			dependencies = (
				07C19FA2281C359B00258FF0 /* PBXTargetDependency */,
			);
			name = QuizzesTests;
			productName = QuizzesTests;
			productReference = 07C19FA0281C359B00258FF0 /* QuizzesTests.xctest */;
			productType = "com.apple.product-type.bundle.unit-test";
		};
		07C19FAA281C359B00258FF0 /* QuizzesUITests */ = {
			isa = PBXNativeTarget;
			buildConfigurationList = 07C19FBA281C359B00258FF0 /* Build configuration list for PBXNativeTarget "QuizzesUITests" */;
			buildPhases = (
				07C19FA7281C359B00258FF0 /* Sources */,
				07C19FA8281C359B00258FF0 /* Frameworks */,
				07C19FA9281C359B00258FF0 /* Resources */,
			);
			buildRules = (
			);
			dependencies = (
				07C19FAD281C359B00258FF0 /* PBXTargetDependency */,
			);
			name = QuizzesUITests;
			productName = QuizzesUITests;
			productReference = 07C19FAB281C359B00258FF0 /* QuizzesUITests.xctest */;
			productType = "com.apple.product-type.bundle.ui-testing";
		};
/* End PBXNativeTarget section */

/* Begin PBXProject section */
		07C19F82281C359700258FF0 /* Project object */ = {
			isa = PBXProject;
			attributes = {
				LastSwiftUpdateCheck = 1240;
				LastUpgradeCheck = 1240;
				TargetAttributes = {
					07C19F89281C359700258FF0 = {
						CreatedOnToolsVersion = 12.4;
					};
					07C19F9F281C359B00258FF0 = {
						CreatedOnToolsVersion = 12.4;
						TestTargetID = 07C19F89281C359700258FF0;
					};
					07C19FAA281C359B00258FF0 = {
						CreatedOnToolsVersion = 12.4;
						TestTargetID = 07C19F89281C359700258FF0;
					};
				};
			};
			buildConfigurationList = 07C19F85281C359700258FF0 /* Build configuration list for PBXProject "Quizzes" */;
			compatibilityVersion = "Xcode 9.3";
			developmentRegion = en;
			hasScannedForEncodings = 0;
			knownRegions = (
				en,
				Base,
			);
			mainGroup = 07C19F81281C359700258FF0;
			productRefGroup = 07C19F8B281C359700258FF0 /* Products */;
			projectDirPath = "";
			projectRoot = "";
			targets = (
				07C19F89281C359700258FF0 /* Quizzes */,
				07C19F9F281C359B00258FF0 /* QuizzesTests */,
				07C19FAA281C359B00258FF0 /* QuizzesUITests */,
			);
		};
/* End PBXProject section */

/* Begin PBXResourcesBuildPhase section */
		07C19F88281C359700258FF0 /* Resources */ = {
			isa = PBXResourcesBuildPhase;
			buildActionMask = 2147483647;
			files = (
				07C1A035281C97E100258FF0 /* Assets.xcassets in Resources */,
				07C19F9A281C359B00258FF0 /* LaunchScreen.storyboard in Resources */,
			);
			runOnlyForDeploymentPostprocessing = 0;
		};
		07C19F9E281C359B00258FF0 /* Resources */ = {
			isa = PBXResourcesBuildPhase;
			buildActionMask = 2147483647;
			files = (
			);
			runOnlyForDeploymentPostprocessing = 0;
		};
		07C19FA9281C359B00258FF0 /* Resources */ = {
			isa = PBXResourcesBuildPhase;
			buildActionMask = 2147483647;
			files = (
			);
			runOnlyForDeploymentPostprocessing = 0;
		};
/* End PBXResourcesBuildPhase section */

/* Begin PBXSourcesBuildPhase section */
		07C19F86281C359700258FF0 /* Sources */ = {
			isa = PBXSourcesBuildPhase;
			buildActionMask = 2147483647;
			files = (
				07C19FE7281C37DD00258FF0 /* AppCoordinator.swift in Sources */,
				07C1A020281C747500258FF0 /* PageControlViewController.swift in Sources */,
				07C19F92281C359700258FF0 /* QuizHomeViewController.swift in Sources */,
				0756735D28209F6400A076FB /* ViewCode.swift in Sources */,
				07FC228C2821F6B80033C688 /* QuestionResultViewModel.swift in Sources */,
				072814E928201F95006D2824 /* GetQuizzesHome.swift in Sources */,
				0728150D282029B2006D2824 /* Links.swift in Sources */,
				072814F22820207B006D2824 /* QuizHeadlineModel.swift in Sources */,
				0728151628202A9A006D2824 /* QuizNetworkError.swift in Sources */,
				072814C2282004D2006D2824 /* QuizCell.swift in Sources */,
				07C19FF2281C39D300258FF0 /* TabBarCoordinator.swift in Sources */,
				07FC229A2821F8EF0033C688 /* UIImage.swift in Sources */,
				07C1A008281C4C7900258FF0 /* AboutViewController.swift in Sources */,
				07FC22C2282212780033C688 /* UIColor.swift in Sources */,
				078008712829F59B007201B5 /* Service.swift in Sources */,
				07FC229F2821F9B50033C688 /* String.swift in Sources */,
				07FC22A92821FC020033C688 /* QuestionResult.swift in Sources */,
				072814FB282020E9006D2824 /* QuizHomeViewModel.swift in Sources */,
				07FC22C72822152D0033C688 /* UIFont.swift in Sources */,
				07FC22BD2822025F0033C688 /* UIImageView.swift in Sources */,
				0796210D28215DD300E551B2 /* QuestionItemCell.swift in Sources */,
				0728152428202E2C006D2824 /* QuizzesNetwork.swift in Sources */,
				07281506282021B3006D2824 /* QuizzesNetworkMock.swift in Sources */,
				0756734E28209B3900A076FB /* QuestionModel.swift in Sources */,
				07C19F8E281C359700258FF0 /* AppDelegate.swift in Sources */,
				07FC22832821F5D20033C688 /* PostSuccess.swift in Sources */,
				07C19FDF281C376400258FF0 /* Coordinator.swift in Sources */,
				07C1A016281C4F8F00258FF0 /* QuestionsViewController.swift in Sources */,
				0728151C28202BFA006D2824 /* Callbacks.swift in Sources */,
				07C1A02D281C861A00258FF0 /* SuccessCoordinator.swift in Sources */,
				07C19FD8281C36D300258FF0 /* QuizHomeCoordinator.swift in Sources */,
				0728152A28203012006D2824 /* Bindable.swift in Sources */,
				07C19FED281C396E00258FF0 /* TabBarPage.swift in Sources */,
				07C1A01B281C6C1C00258FF0 /* QuestionsCoordinator.swift in Sources */,
				07C19F90281C359700258FF0 /* SceneDelegate.swift in Sources */,
				07C1A028281C85F200258FF0 /* SuccessViewController.swift in Sources */,
				0756734928209A9800A076FB /* PostQuestions.swift in Sources */,
				0756735428209BB700A076FB /* QuestionsViewModel.swift in Sources */,
				EB0CB5242824B8BD009099F0 /* UIBanner.swift in Sources */,
			);
			runOnlyForDeploymentPostprocessing = 0;
		};
		07C19F9C281C359B00258FF0 /* Sources */ = {
			isa = PBXSourcesBuildPhase;
			buildActionMask = 2147483647;
			files = (
				07C19FA5281C359B00258FF0 /* QuizzesTests.swift in Sources */,
			);
			runOnlyForDeploymentPostprocessing = 0;
		};
		07C19FA7281C359B00258FF0 /* Sources */ = {
			isa = PBXSourcesBuildPhase;
			buildActionMask = 2147483647;
			files = (
				07C19FB0281C359B00258FF0 /* QuizzesUITests.swift in Sources */,
			);
			runOnlyForDeploymentPostprocessing = 0;
		};
/* End PBXSourcesBuildPhase section */

/* Begin PBXTargetDependency section */
		07C19FA2281C359B00258FF0 /* PBXTargetDependency */ = {
			isa = PBXTargetDependency;
			target = 07C19F89281C359700258FF0 /* Quizzes */;
			targetProxy = 07C19FA1281C359B00258FF0 /* PBXContainerItemProxy */;
		};
		07C19FAD281C359B00258FF0 /* PBXTargetDependency */ = {
			isa = PBXTargetDependency;
			target = 07C19F89281C359700258FF0 /* Quizzes */;
			targetProxy = 07C19FAC281C359B00258FF0 /* PBXContainerItemProxy */;
		};
/* End PBXTargetDependency section */

/* Begin PBXVariantGroup section */
		07C19F98281C359B00258FF0 /* LaunchScreen.storyboard */ = {
			isa = PBXVariantGroup;
			children = (
				07C19F99281C359B00258FF0 /* Base */,
			);
			name = LaunchScreen.storyboard;
			sourceTree = "<group>";
		};
/* End PBXVariantGroup section */

/* Begin XCBuildConfiguration section */
		07C19FB2281C359B00258FF0 /* Debug */ = {
			isa = XCBuildConfiguration;
			buildSettings = {
				ALWAYS_SEARCH_USER_PATHS = NO;
				CLANG_ANALYZER_NONNULL = YES;
				CLANG_ANALYZER_NUMBER_OBJECT_CONVERSION = YES_AGGRESSIVE;
				CLANG_CXX_LANGUAGE_STANDARD = "gnu++14";
				CLANG_CXX_LIBRARY = "libc++";
				CLANG_ENABLE_MODULES = YES;
				CLANG_ENABLE_OBJC_ARC = YES;
				CLANG_ENABLE_OBJC_WEAK = YES;
				CLANG_WARN_BLOCK_CAPTURE_AUTORELEASING = YES;
				CLANG_WARN_BOOL_CONVERSION = YES;
				CLANG_WARN_COMMA = YES;
				CLANG_WARN_CONSTANT_CONVERSION = YES;
				CLANG_WARN_DEPRECATED_OBJC_IMPLEMENTATIONS = YES;
				CLANG_WARN_DIRECT_OBJC_ISA_USAGE = YES_ERROR;
				CLANG_WARN_DOCUMENTATION_COMMENTS = YES;
				CLANG_WARN_EMPTY_BODY = YES;
				CLANG_WARN_ENUM_CONVERSION = YES;
				CLANG_WARN_INFINITE_RECURSION = YES;
				CLANG_WARN_INT_CONVERSION = YES;
				CLANG_WARN_NON_LITERAL_NULL_CONVERSION = YES;
				CLANG_WARN_OBJC_IMPLICIT_RETAIN_SELF = YES;
				CLANG_WARN_OBJC_LITERAL_CONVERSION = YES;
				CLANG_WARN_OBJC_ROOT_CLASS = YES_ERROR;
				CLANG_WARN_QUOTED_INCLUDE_IN_FRAMEWORK_HEADER = YES;
				CLANG_WARN_RANGE_LOOP_ANALYSIS = YES;
				CLANG_WARN_STRICT_PROTOTYPES = YES;
				CLANG_WARN_SUSPICIOUS_MOVE = YES;
				CLANG_WARN_UNGUARDED_AVAILABILITY = YES_AGGRESSIVE;
				CLANG_WARN_UNREACHABLE_CODE = YES;
				CLANG_WARN__DUPLICATE_METHOD_MATCH = YES;
				COPY_PHASE_STRIP = NO;
				DEBUG_INFORMATION_FORMAT = dwarf;
				ENABLE_STRICT_OBJC_MSGSEND = YES;
				ENABLE_TESTABILITY = YES;
				GCC_C_LANGUAGE_STANDARD = gnu11;
				GCC_DYNAMIC_NO_PIC = NO;
				GCC_NO_COMMON_BLOCKS = YES;
				GCC_OPTIMIZATION_LEVEL = 0;
				GCC_PREPROCESSOR_DEFINITIONS = (
					"DEBUG=1",
					"$(inherited)",
				);
				GCC_WARN_64_TO_32_BIT_CONVERSION = YES;
				GCC_WARN_ABOUT_RETURN_TYPE = YES_ERROR;
				GCC_WARN_UNDECLARED_SELECTOR = YES;
				GCC_WARN_UNINITIALIZED_AUTOS = YES_AGGRESSIVE;
				GCC_WARN_UNUSED_FUNCTION = YES;
				GCC_WARN_UNUSED_VARIABLE = YES;
				IPHONEOS_DEPLOYMENT_TARGET = 14.4;
				MTL_ENABLE_DEBUG_INFO = INCLUDE_SOURCE;
				MTL_FAST_MATH = YES;
				ONLY_ACTIVE_ARCH = YES;
				SDKROOT = iphoneos;
				SWIFT_ACTIVE_COMPILATION_CONDITIONS = DEBUG;
				SWIFT_OPTIMIZATION_LEVEL = "-Onone";
			};
			name = Debug;
		};
		07C19FB3281C359B00258FF0 /* Release */ = {
			isa = XCBuildConfiguration;
			buildSettings = {
				ALWAYS_SEARCH_USER_PATHS = NO;
				CLANG_ANALYZER_NONNULL = YES;
				CLANG_ANALYZER_NUMBER_OBJECT_CONVERSION = YES_AGGRESSIVE;
				CLANG_CXX_LANGUAGE_STANDARD = "gnu++14";
				CLANG_CXX_LIBRARY = "libc++";
				CLANG_ENABLE_MODULES = YES;
				CLANG_ENABLE_OBJC_ARC = YES;
				CLANG_ENABLE_OBJC_WEAK = YES;
				CLANG_WARN_BLOCK_CAPTURE_AUTORELEASING = YES;
				CLANG_WARN_BOOL_CONVERSION = YES;
				CLANG_WARN_COMMA = YES;
				CLANG_WARN_CONSTANT_CONVERSION = YES;
				CLANG_WARN_DEPRECATED_OBJC_IMPLEMENTATIONS = YES;
				CLANG_WARN_DIRECT_OBJC_ISA_USAGE = YES_ERROR;
				CLANG_WARN_DOCUMENTATION_COMMENTS = YES;
				CLANG_WARN_EMPTY_BODY = YES;
				CLANG_WARN_ENUM_CONVERSION = YES;
				CLANG_WARN_INFINITE_RECURSION = YES;
				CLANG_WARN_INT_CONVERSION = YES;
				CLANG_WARN_NON_LITERAL_NULL_CONVERSION = YES;
				CLANG_WARN_OBJC_IMPLICIT_RETAIN_SELF = YES;
				CLANG_WARN_OBJC_LITERAL_CONVERSION = YES;
				CLANG_WARN_OBJC_ROOT_CLASS = YES_ERROR;
				CLANG_WARN_QUOTED_INCLUDE_IN_FRAMEWORK_HEADER = YES;
				CLANG_WARN_RANGE_LOOP_ANALYSIS = YES;
				CLANG_WARN_STRICT_PROTOTYPES = YES;
				CLANG_WARN_SUSPICIOUS_MOVE = YES;
				CLANG_WARN_UNGUARDED_AVAILABILITY = YES_AGGRESSIVE;
				CLANG_WARN_UNREACHABLE_CODE = YES;
				CLANG_WARN__DUPLICATE_METHOD_MATCH = YES;
				COPY_PHASE_STRIP = NO;
				DEBUG_INFORMATION_FORMAT = "dwarf-with-dsym";
				ENABLE_NS_ASSERTIONS = NO;
				ENABLE_STRICT_OBJC_MSGSEND = YES;
				GCC_C_LANGUAGE_STANDARD = gnu11;
				GCC_NO_COMMON_BLOCKS = YES;
				GCC_WARN_64_TO_32_BIT_CONVERSION = YES;
				GCC_WARN_ABOUT_RETURN_TYPE = YES_ERROR;
				GCC_WARN_UNDECLARED_SELECTOR = YES;
				GCC_WARN_UNINITIALIZED_AUTOS = YES_AGGRESSIVE;
				GCC_WARN_UNUSED_FUNCTION = YES;
				GCC_WARN_UNUSED_VARIABLE = YES;
				IPHONEOS_DEPLOYMENT_TARGET = 14.4;
				MTL_ENABLE_DEBUG_INFO = NO;
				MTL_FAST_MATH = YES;
				SDKROOT = iphoneos;
				SWIFT_COMPILATION_MODE = wholemodule;
				SWIFT_OPTIMIZATION_LEVEL = "-O";
				VALIDATE_PRODUCT = YES;
			};
			name = Release;
		};
		07C19FB5281C359B00258FF0 /* Debug */ = {
			isa = XCBuildConfiguration;
			buildSettings = {
				ASSETCATALOG_COMPILER_APPICON_NAME = AppIcon;
				ASSETCATALOG_COMPILER_GLOBAL_ACCENT_COLOR_NAME = AccentColor;
				CODE_SIGN_STYLE = Automatic;
				DEVELOPMENT_TEAM = RM8L884FS8;
				INFOPLIST_FILE = Quizzes/Sources/SupportingFiles/Info.plist;
				IPHONEOS_DEPLOYMENT_TARGET = 14.1;
				LD_RUNPATH_SEARCH_PATHS = (
					"$(inherited)",
					"@executable_path/Frameworks",
				);
				PRODUCT_BUNDLE_IDENTIFIER = com.santiago.Quizzes;
				PRODUCT_NAME = "$(TARGET_NAME)";
				SWIFT_VERSION = 5.0;
				TARGETED_DEVICE_FAMILY = "1,2";
			};
			name = Debug;
		};
		07C19FB6281C359B00258FF0 /* Release */ = {
			isa = XCBuildConfiguration;
			buildSettings = {
				ASSETCATALOG_COMPILER_APPICON_NAME = AppIcon;
				ASSETCATALOG_COMPILER_GLOBAL_ACCENT_COLOR_NAME = AccentColor;
				CODE_SIGN_STYLE = Automatic;
				DEVELOPMENT_TEAM = RM8L884FS8;
				INFOPLIST_FILE = Quizzes/Sources/SupportingFiles/Info.plist;
				IPHONEOS_DEPLOYMENT_TARGET = 14.1;
				LD_RUNPATH_SEARCH_PATHS = (
					"$(inherited)",
					"@executable_path/Frameworks",
				);
				PRODUCT_BUNDLE_IDENTIFIER = com.santiago.Quizzes;
				PRODUCT_NAME = "$(TARGET_NAME)";
				SWIFT_VERSION = 5.0;
				TARGETED_DEVICE_FAMILY = "1,2";
			};
			name = Release;
		};
		07C19FB8281C359B00258FF0 /* Debug */ = {
			isa = XCBuildConfiguration;
			buildSettings = {
				ALWAYS_EMBED_SWIFT_STANDARD_LIBRARIES = YES;
				BUNDLE_LOADER = "$(TEST_HOST)";
				CODE_SIGN_STYLE = Automatic;
				DEVELOPMENT_TEAM = N447WSYR4W;
				INFOPLIST_FILE = QuizzesTests/Info.plist;
				IPHONEOS_DEPLOYMENT_TARGET = 14.4;
				LD_RUNPATH_SEARCH_PATHS = (
					"$(inherited)",
					"@executable_path/Frameworks",
					"@loader_path/Frameworks",
				);
				PRODUCT_BUNDLE_IDENTIFIER = com.santiago.QuizzesTests;
				PRODUCT_NAME = "$(TARGET_NAME)";
				SWIFT_VERSION = 5.0;
				TARGETED_DEVICE_FAMILY = "1,2";
				TEST_HOST = "$(BUILT_PRODUCTS_DIR)/Quizzes.app/Quizzes";
			};
			name = Debug;
		};
		07C19FB9281C359B00258FF0 /* Release */ = {
			isa = XCBuildConfiguration;
			buildSettings = {
				ALWAYS_EMBED_SWIFT_STANDARD_LIBRARIES = YES;
				BUNDLE_LOADER = "$(TEST_HOST)";
				CODE_SIGN_STYLE = Automatic;
				DEVELOPMENT_TEAM = N447WSYR4W;
				INFOPLIST_FILE = QuizzesTests/Info.plist;
				IPHONEOS_DEPLOYMENT_TARGET = 14.4;
				LD_RUNPATH_SEARCH_PATHS = (
					"$(inherited)",
					"@executable_path/Frameworks",
					"@loader_path/Frameworks",
				);
				PRODUCT_BUNDLE_IDENTIFIER = com.santiago.QuizzesTests;
				PRODUCT_NAME = "$(TARGET_NAME)";
				SWIFT_VERSION = 5.0;
				TARGETED_DEVICE_FAMILY = "1,2";
				TEST_HOST = "$(BUILT_PRODUCTS_DIR)/Quizzes.app/Quizzes";
			};
			name = Release;
		};
		07C19FBB281C359B00258FF0 /* Debug */ = {
			isa = XCBuildConfiguration;
			buildSettings = {
				ALWAYS_EMBED_SWIFT_STANDARD_LIBRARIES = YES;
				CODE_SIGN_STYLE = Automatic;
				DEVELOPMENT_TEAM = N447WSYR4W;
				INFOPLIST_FILE = QuizzesUITests/Info.plist;
				LD_RUNPATH_SEARCH_PATHS = (
					"$(inherited)",
					"@executable_path/Frameworks",
					"@loader_path/Frameworks",
				);
				PRODUCT_BUNDLE_IDENTIFIER = com.santiago.QuizzesUITests;
				PRODUCT_NAME = "$(TARGET_NAME)";
				SWIFT_VERSION = 5.0;
				TARGETED_DEVICE_FAMILY = "1,2";
				TEST_TARGET_NAME = Quizzes;
			};
			name = Debug;
		};
		07C19FBC281C359B00258FF0 /* Release */ = {
			isa = XCBuildConfiguration;
			buildSettings = {
				ALWAYS_EMBED_SWIFT_STANDARD_LIBRARIES = YES;
				CODE_SIGN_STYLE = Automatic;
				DEVELOPMENT_TEAM = N447WSYR4W;
				INFOPLIST_FILE = QuizzesUITests/Info.plist;
				LD_RUNPATH_SEARCH_PATHS = (
					"$(inherited)",
					"@executable_path/Frameworks",
					"@loader_path/Frameworks",
				);
				PRODUCT_BUNDLE_IDENTIFIER = com.santiago.QuizzesUITests;
				PRODUCT_NAME = "$(TARGET_NAME)";
				SWIFT_VERSION = 5.0;
				TARGETED_DEVICE_FAMILY = "1,2";
				TEST_TARGET_NAME = Quizzes;
			};
			name = Release;
		};
/* End XCBuildConfiguration section */

/* Begin XCConfigurationList section */
		07C19F85281C359700258FF0 /* Build configuration list for PBXProject "Quizzes" */ = {
			isa = XCConfigurationList;
			buildConfigurations = (
				07C19FB2281C359B00258FF0 /* Debug */,
				07C19FB3281C359B00258FF0 /* Release */,
			);
			defaultConfigurationIsVisible = 0;
			defaultConfigurationName = Release;
		};
		07C19FB4281C359B00258FF0 /* Build configuration list for PBXNativeTarget "Quizzes" */ = {
			isa = XCConfigurationList;
			buildConfigurations = (
				07C19FB5281C359B00258FF0 /* Debug */,
				07C19FB6281C359B00258FF0 /* Release */,
			);
			defaultConfigurationIsVisible = 0;
			defaultConfigurationName = Release;
		};
		07C19FB7281C359B00258FF0 /* Build configuration list for PBXNativeTarget "QuizzesTests" */ = {
			isa = XCConfigurationList;
			buildConfigurations = (
				07C19FB8281C359B00258FF0 /* Debug */,
				07C19FB9281C359B00258FF0 /* Release */,
			);
			defaultConfigurationIsVisible = 0;
			defaultConfigurationName = Release;
		};
		07C19FBA281C359B00258FF0 /* Build configuration list for PBXNativeTarget "QuizzesUITests" */ = {
			isa = XCConfigurationList;
			buildConfigurations = (
				07C19FBB281C359B00258FF0 /* Debug */,
				07C19FBC281C359B00258FF0 /* Release */,
			);
			defaultConfigurationIsVisible = 0;
			defaultConfigurationName = Release;
		};
/* End XCConfigurationList section */
	};
	rootObject = 07C19F82281C359700258FF0 /* Project object */;
}
